
Microsoft Visual Studio Solution File, Format Version 12.00
# Visual Studio Version 16
VisualStudioVersion = 16.0.30907.101
MinimumVisualStudioVersion = 10.0.40219.1
Project("{FAE04EC0-301F-11D3-BF4B-00C04F79EFBC}") = "ErindSimeonAssignment2", "ErindSimeonAssignment2\ErindSimeonAssignment2.csproj", "{D5CD3A8E-8D37-4EB9-9165-393A3ADBE1B6}"
EndProject
Global
	GlobalSection(SolutionConfigurationPlatforms) = preSolution
		Debug|Any CPU = Debug|Any CPU
		Release|Any CPU = Release|Any CPU
	EndGlobalSection
	GlobalSection(ProjectConfigurationPlatforms) = postSolution
		{D5CD3A8E-8D37-4EB9-9165-393A3ADBE1B6}.Debug|Any CPU.ActiveCfg = Debug|Any CPU
		{D5CD3A8E-8D37-4EB9-9165-393A3ADBE1B6}.Debug|Any CPU.Build.0 = Debug|Any CPU
		{D5CD3A8E-8D37-4EB9-9165-393A3ADBE1B6}.Release|Any CPU.ActiveCfg = Release|Any CPU
		{D5CD3A8E-8D37-4EB9-9165-393A3ADBE1B6}.Release|Any CPU.Build.0 = Release|Any CPU
	EndGlobalSection
	GlobalSection(SolutionProperties) = preSolution
		HideSolutionNode = FALSE
	EndGlobalSection
	GlobalSection(ExtensibilityGlobals) = postSolution
		SolutionGuid = {AA3AFCBC-FC7B-4052-B1B1-C8B59E6F74FF}
	EndGlobalSection
EndGlobal
